// !$*UTF8*$!
{
	archiveVersion = 1;
	classes = {
	};
	objectVersion = 50;
	objects = {

/* Begin PBXBuildFile section */
		F03E5BEA246C818900E630FC /* AppDelegate.swift in Sources */ = {isa = PBXBuildFile; fileRef = F03E5BE9246C818900E630FC /* AppDelegate.swift */; };
		F03E5BEC246C818900E630FC /* ViewController.swift in Sources */ = {isa = PBXBuildFile; fileRef = F03E5BEB246C818900E630FC /* ViewController.swift */; };
		F03E5BEE246C818900E630FC /* Experience.rcproject in Sources */ = {isa = PBXBuildFile; fileRef = F03E5BED246C818900E630FC /* Experience.rcproject */; };
		F03E5BF1246C818900E630FC /* Main.storyboard in Resources */ = {isa = PBXBuildFile; fileRef = F03E5BEF246C818900E630FC /* Main.storyboard */; };
		F03E5BF3246C818A00E630FC /* Assets.xcassets in Resources */ = {isa = PBXBuildFile; fileRef = F03E5BF2246C818A00E630FC /* Assets.xcassets */; };
		F03E5BF6246C818A00E630FC /* LaunchScreen.storyboard in Resources */ = {isa = PBXBuildFile; fileRef = F03E5BF4246C818A00E630FC /* LaunchScreen.storyboard */; };
/* End PBXBuildFile section */

/* Begin PBXFileReference section */
		F03E5BE6246C818900E630FC /* UmiAR.app */ = {isa = PBXFileReference; explicitFileType = wrapper.application; includeInIndex = 0; path = UmiAR.app; sourceTree = BUILT_PRODUCTS_DIR; };
		F03E5BE9246C818900E630FC /* AppDelegate.swift */ = {isa = PBXFileReference; lastKnownFileType = sourcecode.swift; path = AppDelegate.swift; sourceTree = "<group>"; };
		F03E5BEB246C818900E630FC /* ViewController.swift */ = {isa = PBXFileReference; lastKnownFileType = sourcecode.swift; path = ViewController.swift; sourceTree = "<group>"; };
		F03E5BED246C818900E630FC /* Experience.rcproject */ = {isa = PBXFileReference; lastKnownFileType = file.rcproject; path = Experience.rcproject; sourceTree = "<group>"; };
		F03E5BF0246C818900E630FC /* Base */ = {isa = PBXFileReference; lastKnownFileType = file.storyboard; name = Base; path = Base.lproj/Main.storyboard; sourceTree = "<group>"; };
		F03E5BF2246C818A00E630FC /* Assets.xcassets */ = {isa = PBXFileReference; lastKnownFileType = folder.assetcatalog; path = Assets.xcassets; sourceTree = "<group>"; };
		F03E5BF5246C818A00E630FC /* Base */ = {isa = PBXFileReference; lastKnownFileType = file.storyboard; name = Base; path = Base.lproj/LaunchScreen.storyboard; sourceTree = "<group>"; };
		F03E5BF7246C818A00E630FC /* Info.plist */ = {isa = PBXFileReference; lastKnownFileType = text.plist.xml; path = Info.plist; sourceTree = "<group>"; };
/* End PBXFileReference section */

/* Begin PBXFrameworksBuildPhase section */
		F03E5BE3246C818900E630FC /* Frameworks */ = {
			isa = PBXFrameworksBuildPhase;
			buildActionMask = 2147483647;
			files = (
			);
			runOnlyForDeploymentPostprocessing = 0;
		};
/* End PBXFrameworksBuildPhase section */

/* Begin PBXGroup section */
		F03E5BDD246C818900E630FC = {
			isa = PBXGroup;
			children = (
				F03E5BE8246C818900E630FC /* UmiAR */,
				F03E5BE7246C818900E630FC /* Products */,
			);
			sourceTree = "<group>";
		};
		F03E5BE7246C818900E630FC /* Products */ = {
			isa = PBXGroup;
			children = (
				F03E5BE6246C818900E630FC /* UmiAR.app */,
			);
			name = Products;
			sourceTree = "<group>";
		};
		F03E5BE8246C818900E630FC /* UmiAR */ = {
			isa = PBXGroup;
			children = (
				F03E5BE9246C818900E630FC /* AppDelegate.swift */,
				F03E5BEB246C818900E630FC /* ViewController.swift */,
				F03E5BED246C818900E630FC /* Experience.rcproject */,
				F03E5BEF246C818900E630FC /* Main.storyboard */,
				F03E5BF2246C818A00E630FC /* Assets.xcassets */,
				F03E5BF4246C818A00E630FC /* LaunchScreen.storyboard */,
				F03E5BF7246C818A00E630FC /* Info.plist */,
			);
			path = UmiAR;
			sourceTree = "<group>";
		};
/* End PBXGroup section */

/* Begin PBXNativeTarget section */
		F03E5BE5246C818900E630FC /* UmiAR */ = {
			isa = PBXNativeTarget;
			buildConfigurationList = F03E5BFA246C818A00E630FC /* Build configuration list for PBXNativeTarget "UmiAR" */;
			buildPhases = (
				F03E5BE2246C818900E630FC /* Sources */,
				F03E5BE3246C818900E630FC /* Frameworks */,
				F03E5BE4246C818900E630FC /* Resources */,
			);
			buildRules = (
			);
			dependencies = (
			);
			name = UmiAR;
			productName = UmiAR;
			productReference = F03E5BE6246C818900E630FC /* UmiAR.app */;
			productType = "com.apple.product-type.application";
		};
/* End PBXNativeTarget section */

/* Begin PBXProject section */
		F03E5BDE246C818900E630FC /* Project object */ = {
			isa = PBXProject;
			attributes = {
				LastSwiftUpdateCheck = 1140;
				LastUpgradeCheck = 1140;
				ORGANIZATIONNAME = "Paul Frank Pacheco Carpio";
				TargetAttributes = {
					F03E5BE5246C818900E630FC = {
						CreatedOnToolsVersion = 11.4.1;
					};
				};
			};
			buildConfigurationList = F03E5BE1246C818900E630FC /* Build configuration list for PBXProject "UmiAR" */;
			compatibilityVersion = "Xcode 9.3";
			developmentRegion = en;
			hasScannedForEncodings = 0;
			knownRegions = (
				en,
				Base,
			);
			mainGroup = F03E5BDD246C818900E630FC;
			productRefGroup = F03E5BE7246C818900E630FC /* Products */;
			projectDirPath = "";
			projectRoot = "";
			targets = (
				F03E5BE5246C818900E630FC /* UmiAR */,
			);
		};
/* End PBXProject section */

/* Begin PBXResourcesBuildPhase section */
		F03E5BE4246C818900E630FC /* Resources */ = {
			isa = PBXResourcesBuildPhase;
			buildActionMask = 2147483647;
			files = (
				F03E5BF6246C818A00E630FC /* LaunchScreen.storyboard in Resources */,
				F03E5BF3246C818A00E630FC /* Assets.xcassets in Resources */,
				F03E5BF1246C818900E630FC /* Main.storyboard in Resources */,
			);
			runOnlyForDeploymentPostprocessing = 0;
		};
/* End PBXResourcesBuildPhase section */

/* Begin PBXSourcesBuildPhase section */
		F03E5BE2246C818900E630FC /* Sources */ = {
			isa = PBXSourcesBuildPhase;
			buildActionMask = 2147483647;
			files = (
				F03E5BEC246C818900E630FC /* ViewController.swift in Sources */,
				F03E5BEA246C818900E630FC /* AppDelegate.swift in Sources */,
				F03E5BEE246C818900E630FC /* Experience.rcproject in Sources */,
			);
			runOnlyForDeploymentPostprocessing = 0;
		};
/* End PBXSourcesBuildPhase section */

/* Begin PBXVariantGroup section */
		F03E5BEF246C818900E630FC /* Main.storyboard */ = {
			isa = PBXVariantGroup;
			children = (
				F03E5BF0246C818900E630FC /* Base */,
			);
			name = Main.storyboard;
			sourceTree = "<group>";
		};
		F03E5BF4246C818A00E630FC /* LaunchScreen.storyboard */ = {
			isa = PBXVariantGroup;
			children = (
				F03E5BF5246C818A00E630FC /* Base */,
			);
			name = LaunchScreen.storyboard;
			sourceTree = "<group>";
		};
/* End PBXVariantGroup section */

/* Begin XCBuildConfiguration section */
		F03E5BF8246C818A00E630FC /* Debug */ = {
			isa = XCBuildConfiguration;
			buildSettings = {
				ALWAYS_SEARCH_USER_PATHS = NO;
				CLANG_ANALYZER_NONNULL = YES;
				CLANG_ANALYZER_NUMBER_OBJECT_CONVERSION = YES_AGGRESSIVE;
				CLANG_CXX_LANGUAGE_STANDARD = "gnu++14";
				CLANG_CXX_LIBRARY = "libc++";
				CLANG_ENABLE_MODULES = YES;
				CLANG_ENABLE_OBJC_ARC = YES;
				CLANG_ENABLE_OBJC_WEAK = YES;
				CLANG_WARN_BLOCK_CAPTURE_AUTORELEASING = YES;
				CLANG_WARN_BOOL_CONVERSION = YES;
				CLANG_WARN_COMMA = YES;
				CLANG_WARN_CONSTANT_CONVERSION = YES;
				CLANG_WARN_DEPRECATED_OBJC_IMPLEMENTATIONS = YES;
				CLANG_WARN_DIRECT_OBJC_ISA_USAGE = YES_ERROR;
				CLANG_WARN_DOCUMENTATION_COMMENTS = YES;
				CLANG_WARN_EMPTY_BODY = YES;
				CLANG_WARN_ENUM_CONVERSION = YES;
				CLANG_WARN_INFINITE_RECURSION = YES;
				CLANG_WARN_INT_CONVERSION = YES;
				CLANG_WARN_NON_LITERAL_NULL_CONVERSION = YES;
				CLANG_WARN_OBJC_IMPLICIT_RETAIN_SELF = YES;
				CLANG_WARN_OBJC_LITERAL_CONVERSION = YES;
				CLANG_WARN_OBJC_ROOT_CLASS = YES_ERROR;
				CLANG_WARN_RANGE_LOOP_ANALYSIS = YES;
				CLANG_WARN_STRICT_PROTOTYPES = YES;
				CLANG_WARN_SUSPICIOUS_MOVE = YES;
				CLANG_WARN_UNGUARDED_AVAILABILITY = YES_AGGRESSIVE;
				CLANG_WARN_UNREACHABLE_CODE = YES;
				CLANG_WARN__DUPLICATE_METHOD_MATCH = YES;
				COPY_PHASE_STRIP = NO;
				DEBUG_INFORMATION_FORMAT = dwarf;
				ENABLE_STRICT_OBJC_MSGSEND = YES;
				ENABLE_TESTABILITY = YES;
				GCC_C_LANGUAGE_STANDARD = gnu11;
				GCC_DYNAMIC_NO_PIC = NO;
				GCC_NO_COMMON_BLOCKS = YES;
				GCC_OPTIMIZATION_LEVEL = 0;
				GCC_PREPROCESSOR_DEFINITIONS = (
					"DEBUG=1",
					"$(inherited)",
				);
				GCC_WARN_64_TO_32_BIT_CONVERSION = YES;
				GCC_WARN_ABOUT_RETURN_TYPE = YES_ERROR;
				GCC_WARN_UNDECLARED_SELECTOR = YES;
				GCC_WARN_UNINITIALIZED_AUTOS = YES_AGGRESSIVE;
				GCC_WARN_UNUSED_FUNCTION = YES;
				GCC_WARN_UNUSED_VARIABLE = YES;
				IPHONEOS_DEPLOYMENT_TARGET = 13.4;
				MTL_ENABLE_DEBUG_INFO = INCLUDE_SOURCE;
				MTL_FAST_MATH = YES;
				ONLY_ACTIVE_ARCH = YES;
				SDKROOT = iphoneos;
				SWIFT_ACTIVE_COMPILATION_CONDITIONS = DEBUG;
				SWIFT_OPTIMIZATION_LEVEL = "-Onone";
			};
			name = Debug;
		};
		F03E5BF9246C818A00E630FC /* Release */ = {
			isa = XCBuildConfiguration;
			buildSettings = {
				ALWAYS_SEARCH_USER_PATHS = NO;
				CLANG_ANALYZER_NONNULL = YES;
				CLANG_ANALYZER_NUMBER_OBJECT_CONVERSION = YES_AGGRESSIVE;
				CLANG_CXX_LANGUAGE_STANDARD = "gnu++14";
				CLANG_CXX_LIBRARY = "libc++";
				CLANG_ENABLE_MODULES = YES;
				CLANG_ENABLE_OBJC_ARC = YES;
				CLANG_ENABLE_OBJC_WEAK = YES;
				CLANG_WARN_BLOCK_CAPTURE_AUTORELEASING = YES;
				CLANG_WARN_BOOL_CONVERSION = YES;
				CLANG_WARN_COMMA = YES;
				CLANG_WARN_CONSTANT_CONVERSION = YES;
				CLANG_WARN_DEPRECATED_OBJC_IMPLEMENTATIONS = YES;
				CLANG_WARN_DIRECT_OBJC_ISA_USAGE = YES_ERROR;
				CLANG_WARN_DOCUMENTATION_COMMENTS = YES;
				CLANG_WARN_EMPTY_BODY = YES;
				CLANG_WARN_ENUM_CONVERSION = YES;
				CLANG_WARN_INFINITE_RECURSION = YES;
				CLANG_WARN_INT_CONVERSION = YES;
				CLANG_WARN_NON_LITERAL_NULL_CONVERSION = YES;
				CLANG_WARN_OBJC_IMPLICIT_RETAIN_SELF = YES;
				CLANG_WARN_OBJC_LITERAL_CONVERSION = YES;
				CLANG_WARN_OBJC_ROOT_CLASS = YES_ERROR;
				CLANG_WARN_RANGE_LOOP_ANALYSIS = YES;
				CLANG_WARN_STRICT_PROTOTYPES = YES;
				CLANG_WARN_SUSPICIOUS_MOVE = YES;
				CLANG_WARN_UNGUARDED_AVAILABILITY = YES_AGGRESSIVE;
				CLANG_WARN_UNREACHABLE_CODE = YES;
				CLANG_WARN__DUPLICATE_METHOD_MATCH = YES;
				COPY_PHASE_STRIP = NO;
				DEBUG_INFORMATION_FORMAT = "dwarf-with-dsym";
				ENABLE_NS_ASSERTIONS = NO;
				ENABLE_STRICT_OBJC_MSGSEND = YES;
				GCC_C_LANGUAGE_STANDARD = gnu11;
				GCC_NO_COMMON_BLOCKS = YES;
				GCC_WARN_64_TO_32_BIT_CONVERSION = YES;
				GCC_WARN_ABOUT_RETURN_TYPE = YES_ERROR;
				GCC_WARN_UNDECLARED_SELECTOR = YES;
				GCC_WARN_UNINITIALIZED_AUTOS = YES_AGGRESSIVE;
				GCC_WARN_UNUSED_FUNCTION = YES;
				GCC_WARN_UNUSED_VARIABLE = YES;
				IPHONEOS_DEPLOYMENT_TARGET = 13.4;
				MTL_ENABLE_DEBUG_INFO = NO;
				MTL_FAST_MATH = YES;
				SDKROOT = iphoneos;
				SWIFT_COMPILATION_MODE = wholemodule;
				SWIFT_OPTIMIZATION_LEVEL = "-O";
				VALIDATE_PRODUCT = YES;
			};
			name = Release;
		};
		F03E5BFB246C818A00E630FC /* Debug */ = {
			isa = XCBuildConfiguration;
			buildSettings = {
				ASSETCATALOG_COMPILER_APPICON_NAME = AppIcon;
				CODE_SIGN_STYLE = Automatic;
				DEVELOPMENT_TEAM = HRH4BVN79Q;
				INFOPLIST_FILE = UmiAR/Info.plist;
				LD_RUNPATH_SEARCH_PATHS = (
					"$(inherited)",
					"@executable_path/Frameworks",
				);
				PRODUCT_BUNDLE_IDENTIFIER = com.shibuyaxpress.UmiAR;
				PRODUCT_NAME = "$(TARGET_NAME)";
				SWIFT_VERSION = 5.0;
				TARGETED_DEVICE_FAMILY = "1,2";
			};
			name = Debug;
		};
		F03E5BFC246C818A00E630FC /* Release */ = {
			isa = XCBuildConfiguration;
			buildSettings = {
				ASSETCATALOG_COMPILER_APPICON_NAME = AppIcon;
				CODE_SIGN_STYLE = Automatic;
				DEVELOPMENT_TEAM = HRH4BVN79Q;
				INFOPLIST_FILE = UmiAR/Info.plist;
				LD_RUNPATH_SEARCH_PATHS = (
					"$(inherited)",
					"@executable_path/Frameworks",
				);
				PRODUCT_BUNDLE_IDENTIFIER = com.shibuyaxpress.UmiAR;
				PRODUCT_NAME = "$(TARGET_NAME)";
				SWIFT_VERSION = 5.0;
				TARGETED_DEVICE_FAMILY = "1,2";
			};
			name = Release;
		};
/* End XCBuildConfiguration section */

/* Begin XCConfigurationList section */
		F03E5BE1246C818900E630FC /* Build configuration list for PBXProject "UmiAR" */ = {
			isa = XCConfigurationList;
			buildConfigurations = (
				F03E5BF8246C818A00E630FC /* Debug */,
				F03E5BF9246C818A00E630FC /* Release */,
			);
			defaultConfigurationIsVisible = 0;
			defaultConfigurationName = Release;
		};
		F03E5BFA246C818A00E630FC /* Build configuration list for PBXNativeTarget "UmiAR" */ = {
			isa = XCConfigurationList;
			buildConfigurations = (
				F03E5BFB246C818A00E630FC /* Debug */,
				F03E5BFC246C818A00E630FC /* Release */,
			);
			defaultConfigurationIsVisible = 0;
			defaultConfigurationName = Release;
		};
/* End XCConfigurationList section */
	};
	rootObject = F03E5BDE246C818900E630FC /* Project object */;
}
